// !$*UTF8*$!
{
	archiveVersion = 1;
	classes = {
	};
	objectVersion = 50;
	objects = {

/* Begin PBXBuildFile section */
		B2F8EE3525AF291E000BBA4E /* AppDelegate.swift in Sources */ = {isa = PBXBuildFile; fileRef = B2F8EE3425AF291E000BBA4E /* AppDelegate.swift */; };
		B2F8EE3725AF291E000BBA4E /* SceneDelegate.swift in Sources */ = {isa = PBXBuildFile; fileRef = B2F8EE3625AF291E000BBA4E /* SceneDelegate.swift */; };
		B2F8EE3925AF291E000BBA4E /* ViewController.swift in Sources */ = {isa = PBXBuildFile; fileRef = B2F8EE3825AF291E000BBA4E /* ViewController.swift */; };
		B2F8EE3C25AF291F000BBA4E /* Main.storyboard in Resources */ = {isa = PBXBuildFile; fileRef = B2F8EE3A25AF291F000BBA4E /* Main.storyboard */; };
		B2F8EE3E25AF291F000BBA4E /* Assets.xcassets in Resources */ = {isa = PBXBuildFile; fileRef = B2F8EE3D25AF291F000BBA4E /* Assets.xcassets */; };
		B2F8EE4125AF291F000BBA4E /* LaunchScreen.storyboard in Resources */ = {isa = PBXBuildFile; fileRef = B2F8EE3F25AF291F000BBA4E /* LaunchScreen.storyboard */; };
/* End PBXBuildFile section */

/* Begin PBXFileReference section */
		B2F8EE3125AF291E000BBA4E /* Time & Date.app */ = {isa = PBXFileReference; explicitFileType = wrapper.application; includeInIndex = 0; path = "Time & Date.app"; sourceTree = BUILT_PRODUCTS_DIR; };
		B2F8EE3425AF291E000BBA4E /* AppDelegate.swift */ = {isa = PBXFileReference; lastKnownFileType = sourcecode.swift; path = AppDelegate.swift; sourceTree = "<group>"; };
		B2F8EE3625AF291E000BBA4E /* SceneDelegate.swift */ = {isa = PBXFileReference; lastKnownFileType = sourcecode.swift; path = SceneDelegate.swift; sourceTree = "<group>"; };
		B2F8EE3825AF291E000BBA4E /* ViewController.swift */ = {isa = PBXFileReference; lastKnownFileType = sourcecode.swift; path = ViewController.swift; sourceTree = "<group>"; };
		B2F8EE3B25AF291F000BBA4E /* Base */ = {isa = PBXFileReference; lastKnownFileType = file.storyboard; name = Base; path = Base.lproj/Main.storyboard; sourceTree = "<group>"; };
		B2F8EE3D25AF291F000BBA4E /* Assets.xcassets */ = {isa = PBXFileReference; lastKnownFileType = folder.assetcatalog; path = Assets.xcassets; sourceTree = "<group>"; };
		B2F8EE4025AF291F000BBA4E /* Base */ = {isa = PBXFileReference; lastKnownFileType = file.storyboard; name = Base; path = Base.lproj/LaunchScreen.storyboard; sourceTree = "<group>"; };
		B2F8EE4225AF291F000BBA4E /* Info.plist */ = {isa = PBXFileReference; lastKnownFileType = text.plist.xml; path = Info.plist; sourceTree = "<group>"; };
/* End PBXFileReference section */

/* Begin PBXFrameworksBuildPhase section */
		B2F8EE2E25AF291E000BBA4E /* Frameworks */ = {
			isa = PBXFrameworksBuildPhase;
			buildActionMask = 2147483647;
			files = (
			);
			runOnlyForDeploymentPostprocessing = 0;
		};
/* End PBXFrameworksBuildPhase section */

/* Begin PBXGroup section */
		B2F8EE2825AF291E000BBA4E = {
			isa = PBXGroup;
			children = (
				B2F8EE3325AF291E000BBA4E /* Time & Date */,
				B2F8EE3225AF291E000BBA4E /* Products */,
			);
			sourceTree = "<group>";
		};
		B2F8EE3225AF291E000BBA4E /* Products */ = {
			isa = PBXGroup;
			children = (
				B2F8EE3125AF291E000BBA4E /* Time & Date.app */,
			);
			name = Products;
			sourceTree = "<group>";
		};
		B2F8EE3325AF291E000BBA4E /* Time & Date */ = {
			isa = PBXGroup;
			children = (
				B2F8EE3425AF291E000BBA4E /* AppDelegate.swift */,
				B2F8EE3625AF291E000BBA4E /* SceneDelegate.swift */,
				B2F8EE3825AF291E000BBA4E /* ViewController.swift */,
				B2F8EE3A25AF291F000BBA4E /* Main.storyboard */,
				B2F8EE3D25AF291F000BBA4E /* Assets.xcassets */,
				B2F8EE3F25AF291F000BBA4E /* LaunchScreen.storyboard */,
				B2F8EE4225AF291F000BBA4E /* Info.plist */,
			);
			path = "Time & Date";
			sourceTree = "<group>";
		};
/* End PBXGroup section */

/* Begin PBXNativeTarget section */
		B2F8EE3025AF291E000BBA4E /* Time & Date */ = {
			isa = PBXNativeTarget;
			buildConfigurationList = B2F8EE4525AF291F000BBA4E /* Build configuration list for PBXNativeTarget "Time & Date" */;
			buildPhases = (
				B2F8EE2D25AF291E000BBA4E /* Sources */,
				B2F8EE2E25AF291E000BBA4E /* Frameworks */,
				B2F8EE2F25AF291E000BBA4E /* Resources */,
			);
			buildRules = (
			);
			dependencies = (
			);
			name = "Time & Date";
			productName = "Time & Date";
			productReference = B2F8EE3125AF291E000BBA4E /* Time & Date.app */;
			productType = "com.apple.product-type.application";
		};
/* End PBXNativeTarget section */

/* Begin PBXProject section */
		B2F8EE2925AF291E000BBA4E /* Project object */ = {
			isa = PBXProject;
			attributes = {
				LastSwiftUpdateCheck = 1230;
				LastUpgradeCheck = 1230;
				TargetAttributes = {
					B2F8EE3025AF291E000BBA4E = {
						CreatedOnToolsVersion = 12.3;
					};
				};
			};
			buildConfigurationList = B2F8EE2C25AF291E000BBA4E /* Build configuration list for PBXProject "Time & Date" */;
			compatibilityVersion = "Xcode 9.3";
			developmentRegion = en;
			hasScannedForEncodings = 0;
			knownRegions = (
				en,
				Base,
			);
			mainGroup = B2F8EE2825AF291E000BBA4E;
			productRefGroup = B2F8EE3225AF291E000BBA4E /* Products */;
			projectDirPath = "";
			projectRoot = "";
			targets = (
				B2F8EE3025AF291E000BBA4E /* Time & Date */,
			);
		};
/* End PBXProject section */

/* Begin PBXResourcesBuildPhase section */
		B2F8EE2F25AF291E000BBA4E /* Resources */ = {
			isa = PBXResourcesBuildPhase;
			buildActionMask = 2147483647;
			files = (
				B2F8EE4125AF291F000BBA4E /* LaunchScreen.storyboard in Resources */,
				B2F8EE3E25AF291F000BBA4E /* Assets.xcassets in Resources */,
				B2F8EE3C25AF291F000BBA4E /* Main.storyboard in Resources */,
			);
			runOnlyForDeploymentPostprocessing = 0;
		};
/* End PBXResourcesBuildPhase section */

/* Begin PBXSourcesBuildPhase section */
		B2F8EE2D25AF291E000BBA4E /* Sources */ = {
			isa = PBXSourcesBuildPhase;
			buildActionMask = 2147483647;
			files = (
				B2F8EE3925AF291E000BBA4E /* ViewController.swift in Sources */,
				B2F8EE3525AF291E000BBA4E /* AppDelegate.swift in Sources */,
				B2F8EE3725AF291E000BBA4E /* SceneDelegate.swift in Sources */,
			);
			runOnlyForDeploymentPostprocessing = 0;
		};
/* End PBXSourcesBuildPhase section */

/* Begin PBXVariantGroup section */
		B2F8EE3A25AF291F000BBA4E /* Main.storyboard */ = {
			isa = PBXVariantGroup;
			children = (
				B2F8EE3B25AF291F000BBA4E /* Base */,
			);
			name = Main.storyboard;
			sourceTree = "<group>";
		};
		B2F8EE3F25AF291F000BBA4E /* LaunchScreen.storyboard */ = {
			isa = PBXVariantGroup;
			children = (
				B2F8EE4025AF291F000BBA4E /* Base */,
			);
			name = LaunchScreen.storyboard;
			sourceTree = "<group>";
		};
/* End PBXVariantGroup section */

/* Begin XCBuildConfiguration section */
		B2F8EE4325AF291F000BBA4E /* Debug */ = {
			isa = XCBuildConfiguration;
			buildSettings = {
				ALWAYS_SEARCH_USER_PATHS = NO;
				CLANG_ANALYZER_NONNULL = YES;
				CLANG_ANALYZER_NUMBER_OBJECT_CONVERSION = YES_AGGRESSIVE;
				CLANG_CXX_LANGUAGE_STANDARD = "gnu++14";
				CLANG_CXX_LIBRARY = "libc++";
				CLANG_ENABLE_MODULES = YES;
				CLANG_ENABLE_OBJC_ARC = YES;
				CLANG_ENABLE_OBJC_WEAK = YES;
				CLANG_WARN_BLOCK_CAPTURE_AUTORELEASING = YES;
				CLANG_WARN_BOOL_CONVERSION = YES;
				CLANG_WARN_COMMA = YES;
				CLANG_WARN_CONSTANT_CONVERSION = YES;
				CLANG_WARN_DEPRECATED_OBJC_IMPLEMENTATIONS = YES;
				CLANG_WARN_DIRECT_OBJC_ISA_USAGE = YES_ERROR;
				CLANG_WARN_DOCUMENTATION_COMMENTS = YES;
				CLANG_WARN_EMPTY_BODY = YES;
				CLANG_WARN_ENUM_CONVERSION = YES;
				CLANG_WARN_INFINITE_RECURSION = YES;
				CLANG_WARN_INT_CONVERSION = YES;
				CLANG_WARN_NON_LITERAL_NULL_CONVERSION = YES;
				CLANG_WARN_OBJC_IMPLICIT_RETAIN_SELF = YES;
				CLANG_WARN_OBJC_LITERAL_CONVERSION = YES;
				CLANG_WARN_OBJC_ROOT_CLASS = YES_ERROR;
				CLANG_WARN_QUOTED_INCLUDE_IN_FRAMEWORK_HEADER = YES;
				CLANG_WARN_RANGE_LOOP_ANALYSIS = YES;
				CLANG_WARN_STRICT_PROTOTYPES = YES;
				CLANG_WARN_SUSPICIOUS_MOVE = YES;
				CLANG_WARN_UNGUARDED_AVAILABILITY = YES_AGGRESSIVE;
				CLANG_WARN_UNREACHABLE_CODE = YES;
				CLANG_WARN__DUPLICATE_METHOD_MATCH = YES;
				COPY_PHASE_STRIP = NO;
				DEBUG_INFORMATION_FORMAT = dwarf;
				ENABLE_STRICT_OBJC_MSGSEND = YES;
				ENABLE_TESTABILITY = YES;
				GCC_C_LANGUAGE_STANDARD = gnu11;
				GCC_DYNAMIC_NO_PIC = NO;
				GCC_NO_COMMON_BLOCKS = YES;
				GCC_OPTIMIZATION_LEVEL = 0;
				GCC_PREPROCESSOR_DEFINITIONS = (
					"DEBUG=1",
					"$(inherited)",
				);
				GCC_WARN_64_TO_32_BIT_CONVERSION = YES;
				GCC_WARN_ABOUT_RETURN_TYPE = YES_ERROR;
				GCC_WARN_UNDECLARED_SELECTOR = YES;
				GCC_WARN_UNINITIALIZED_AUTOS = YES_AGGRESSIVE;
				GCC_WARN_UNUSED_FUNCTION = YES;
				GCC_WARN_UNUSED_VARIABLE = YES;
				IPHONEOS_DEPLOYMENT_TARGET = 14.3;
				MTL_ENABLE_DEBUG_INFO = INCLUDE_SOURCE;
				MTL_FAST_MATH = YES;
				ONLY_ACTIVE_ARCH = YES;
				SDKROOT = iphoneos;
				SWIFT_ACTIVE_COMPILATION_CONDITIONS = DEBUG;
				SWIFT_OPTIMIZATION_LEVEL = "-Onone";
			};
			name = Debug;
		};
		B2F8EE4425AF291F000BBA4E /* Release */ = {
			isa = XCBuildConfiguration;
			buildSettings = {
				ALWAYS_SEARCH_USER_PATHS = NO;
				CLANG_ANALYZER_NONNULL = YES;
				CLANG_ANALYZER_NUMBER_OBJECT_CONVERSION = YES_AGGRESSIVE;
				CLANG_CXX_LANGUAGE_STANDARD = "gnu++14";
				CLANG_CXX_LIBRARY = "libc++";
				CLANG_ENABLE_MODULES = YES;
				CLANG_ENABLE_OBJC_ARC = YES;
				CLANG_ENABLE_OBJC_WEAK = YES;
				CLANG_WARN_BLOCK_CAPTURE_AUTORELEASING = YES;
				CLANG_WARN_BOOL_CONVERSION = YES;
				CLANG_WARN_COMMA = YES;
				CLANG_WARN_CONSTANT_CONVERSION = YES;
				CLANG_WARN_DEPRECATED_OBJC_IMPLEMENTATIONS = YES;
				CLANG_WARN_DIRECT_OBJC_ISA_USAGE = YES_ERROR;
				CLANG_WARN_DOCUMENTATION_COMMENTS = YES;
				CLANG_WARN_EMPTY_BODY = YES;
				CLANG_WARN_ENUM_CONVERSION = YES;
				CLANG_WARN_INFINITE_RECURSION = YES;
				CLANG_WARN_INT_CONVERSION = YES;
				CLANG_WARN_NON_LITERAL_NULL_CONVERSION = YES;
				CLANG_WARN_OBJC_IMPLICIT_RETAIN_SELF = YES;
				CLANG_WARN_OBJC_LITERAL_CONVERSION = YES;
				CLANG_WARN_OBJC_ROOT_CLASS = YES_ERROR;
				CLANG_WARN_QUOTED_INCLUDE_IN_FRAMEWORK_HEADER = YES;
				CLANG_WARN_RANGE_LOOP_ANALYSIS = YES;
				CLANG_WARN_STRICT_PROTOTYPES = YES;
				CLANG_WARN_SUSPICIOUS_MOVE = YES;
				CLANG_WARN_UNGUARDED_AVAILABILITY = YES_AGGRESSIVE;
				CLANG_WARN_UNREACHABLE_CODE = YES;
				CLANG_WARN__DUPLICATE_METHOD_MATCH = YES;
				COPY_PHASE_STRIP = NO;
				DEBUG_INFORMATION_FORMAT = "dwarf-with-dsym";
				ENABLE_NS_ASSERTIONS = NO;
				ENABLE_STRICT_OBJC_MSGSEND = YES;
				GCC_C_LANGUAGE_STANDARD = gnu11;
				GCC_NO_COMMON_BLOCKS = YES;
				GCC_WARN_64_TO_32_BIT_CONVERSION = YES;
				GCC_WARN_ABOUT_RETURN_TYPE = YES_ERROR;
				GCC_WARN_UNDECLARED_SELECTOR = YES;
				GCC_WARN_UNINITIALIZED_AUTOS = YES_AGGRESSIVE;
				GCC_WARN_UNUSED_FUNCTION = YES;
				GCC_WARN_UNUSED_VARIABLE = YES;
				IPHONEOS_DEPLOYMENT_TARGET = 14.3;
				MTL_ENABLE_DEBUG_INFO = NO;
				MTL_FAST_MATH = YES;
				SDKROOT = iphoneos;
				SWIFT_COMPILATION_MODE = wholemodule;
				SWIFT_OPTIMIZATION_LEVEL = "-O";
				VALIDATE_PRODUCT = YES;
			};
			name = Release;
		};
		B2F8EE4625AF291F000BBA4E /* Debug */ = {
			isa = XCBuildConfiguration;
			buildSettings = {
				ASSETCATALOG_COMPILER_APPICON_NAME = AppIcon;
				ASSETCATALOG_COMPILER_GLOBAL_ACCENT_COLOR_NAME = AccentColor;
				CODE_SIGN_STYLE = Automatic;
				DEVELOPMENT_TEAM = UCVZ5TKU4C;
				INFOPLIST_FILE = "Time & Date/Info.plist";
				LD_RUNPATH_SEARCH_PATHS = (
					"$(inherited)",
					"@executable_path/Frameworks",
				);
				PRODUCT_BUNDLE_IDENTIFIER = "com.armanakash45.Time---Date";
				PRODUCT_NAME = "$(TARGET_NAME)";
				SWIFT_VERSION = 5.0;
				TARGETED_DEVICE_FAMILY = "1,2";
			};
			name = Debug;
		};
		B2F8EE4725AF291F000BBA4E /* Release */ = {
			isa = XCBuildConfiguration;
			buildSettings = {
				ASSETCATALOG_COMPILER_APPICON_NAME = AppIcon;
				ASSETCATALOG_COMPILER_GLOBAL_ACCENT_COLOR_NAME = AccentColor;
				CODE_SIGN_STYLE = Automatic;
				DEVELOPMENT_TEAM = UCVZ5TKU4C;
				INFOPLIST_FILE = "Time & Date/Info.plist";
				LD_RUNPATH_SEARCH_PATHS = (
					"$(inherited)",
					"@executable_path/Frameworks",
				);
				PRODUCT_BUNDLE_IDENTIFIER = "com.armanakash45.Time---Date";
				PRODUCT_NAME = "$(TARGET_NAME)";
				SWIFT_VERSION = 5.0;
				TARGETED_DEVICE_FAMILY = "1,2";
			};
			name = Release;
		};
/* End XCBuildConfiguration section */

/* Begin XCConfigurationList section */
		B2F8EE2C25AF291E000BBA4E /* Build configuration list for PBXProject "Time & Date" */ = {
			isa = XCConfigurationList;
			buildConfigurations = (
				B2F8EE4325AF291F000BBA4E /* Debug */,
				B2F8EE4425AF291F000BBA4E /* Release */,
			);
			defaultConfigurationIsVisible = 0;
			defaultConfigurationName = Release;
		};
		B2F8EE4525AF291F000BBA4E /* Build configuration list for PBXNativeTarget "Time & Date" */ = {
			isa = XCConfigurationList;
			buildConfigurations = (
				B2F8EE4625AF291F000BBA4E /* Debug */,
				B2F8EE4725AF291F000BBA4E /* Release */,
			);
			defaultConfigurationIsVisible = 0;
			defaultConfigurationName = Release;
		};
/* End XCConfigurationList section */
	};
	rootObject = B2F8EE2925AF291E000BBA4E /* Project object */;
}
