// !$*UTF8*$!
{
	archiveVersion = 1;
	classes = {
	};
	objectVersion = 50;
	objects = {

/* Begin PBXBuildFile section */
		B246F7B925B30170000FE323 /* AppDelegate.swift in Sources */ = {isa = PBXBuildFile; fileRef = B246F7B825B30170000FE323 /* AppDelegate.swift */; };
		B246F7BB25B30170000FE323 /* SceneDelegate.swift in Sources */ = {isa = PBXBuildFile; fileRef = B246F7BA25B30170000FE323 /* SceneDelegate.swift */; };
		B246F7BD25B30170000FE323 /* ViewController.swift in Sources */ = {isa = PBXBuildFile; fileRef = B246F7BC25B30170000FE323 /* ViewController.swift */; };
		B246F7C025B30170000FE323 /* Main.storyboard in Resources */ = {isa = PBXBuildFile; fileRef = B246F7BE25B30170000FE323 /* Main.storyboard */; };
		B246F7C225B30174000FE323 /* Assets.xcassets in Resources */ = {isa = PBXBuildFile; fileRef = B246F7C125B30174000FE323 /* Assets.xcassets */; };
		B246F7C525B30174000FE323 /* LaunchScreen.storyboard in Resources */ = {isa = PBXBuildFile; fileRef = B246F7C325B30174000FE323 /* LaunchScreen.storyboard */; };
		B246F7CF25B301F6000FE323 /* PORKYS_.TTF in Resources */ = {isa = PBXBuildFile; fileRef = B246F7CE25B301F6000FE323 /* PORKYS_.TTF */; };
/* End PBXBuildFile section */

/* Begin PBXFileReference section */
		B246F7B525B30170000FE323 /* Tap ME Fast test.app */ = {isa = PBXFileReference; explicitFileType = wrapper.application; includeInIndex = 0; path = "Tap ME Fast test.app"; sourceTree = BUILT_PRODUCTS_DIR; };
		B246F7B825B30170000FE323 /* AppDelegate.swift */ = {isa = PBXFileReference; lastKnownFileType = sourcecode.swift; path = AppDelegate.swift; sourceTree = "<group>"; };
		B246F7BA25B30170000FE323 /* SceneDelegate.swift */ = {isa = PBXFileReference; lastKnownFileType = sourcecode.swift; path = SceneDelegate.swift; sourceTree = "<group>"; };
		B246F7BC25B30170000FE323 /* ViewController.swift */ = {isa = PBXFileReference; lastKnownFileType = sourcecode.swift; path = ViewController.swift; sourceTree = "<group>"; };
		B246F7BF25B30170000FE323 /* Base */ = {isa = PBXFileReference; lastKnownFileType = file.storyboard; name = Base; path = Base.lproj/Main.storyboard; sourceTree = "<group>"; };
		B246F7C125B30174000FE323 /* Assets.xcassets */ = {isa = PBXFileReference; lastKnownFileType = folder.assetcatalog; path = Assets.xcassets; sourceTree = "<group>"; };
		B246F7C425B30174000FE323 /* Base */ = {isa = PBXFileReference; lastKnownFileType = file.storyboard; name = Base; path = Base.lproj/LaunchScreen.storyboard; sourceTree = "<group>"; };
		B246F7C625B30174000FE323 /* Info.plist */ = {isa = PBXFileReference; lastKnownFileType = text.plist.xml; path = Info.plist; sourceTree = "<group>"; };
		B246F7CE25B301F6000FE323 /* PORKYS_.TTF */ = {isa = PBXFileReference; lastKnownFileType = file; path = PORKYS_.TTF; sourceTree = "<group>"; };
/* End PBXFileReference section */

/* Begin PBXFrameworksBuildPhase section */
		B246F7B225B30170000FE323 /* Frameworks */ = {
			isa = PBXFrameworksBuildPhase;
			buildActionMask = 2147483647;
			files = (
			);
			runOnlyForDeploymentPostprocessing = 0;
		};
/* End PBXFrameworksBuildPhase section */

/* Begin PBXGroup section */
		B246F7AC25B30170000FE323 = {
			isa = PBXGroup;
			children = (
				B246F7B725B30170000FE323 /* Tap ME Fast test */,
				B246F7B625B30170000FE323 /* Products */,
			);
			sourceTree = "<group>";
		};
		B246F7B625B30170000FE323 /* Products */ = {
			isa = PBXGroup;
			children = (
				B246F7B525B30170000FE323 /* Tap ME Fast test.app */,
			);
			name = Products;
			sourceTree = "<group>";
		};
		B246F7B725B30170000FE323 /* Tap ME Fast test */ = {
			isa = PBXGroup;
			children = (
				B246F7B825B30170000FE323 /* AppDelegate.swift */,
				B246F7BA25B30170000FE323 /* SceneDelegate.swift */,
				B246F7BC25B30170000FE323 /* ViewController.swift */,
				B246F7BE25B30170000FE323 /* Main.storyboard */,
				B246F7C125B30174000FE323 /* Assets.xcassets */,
				B246F7C325B30174000FE323 /* LaunchScreen.storyboard */,
				B246F7C625B30174000FE323 /* Info.plist */,
				B246F7CE25B301F6000FE323 /* PORKYS_.TTF */,
			);
			path = "Tap ME Fast test";
			sourceTree = "<group>";
		};
/* End PBXGroup section */

/* Begin PBXNativeTarget section */
		B246F7B425B30170000FE323 /* Tap ME Fast test */ = {
			isa = PBXNativeTarget;
			buildConfigurationList = B246F7C925B30174000FE323 /* Build configuration list for PBXNativeTarget "Tap ME Fast test" */;
			buildPhases = (
				B246F7B125B30170000FE323 /* Sources */,
				B246F7B225B30170000FE323 /* Frameworks */,
				B246F7B325B30170000FE323 /* Resources */,
			);
			buildRules = (
			);
			dependencies = (
			);
			name = "Tap ME Fast test";
			productName = "Tap ME Fast test";
			productReference = B246F7B525B30170000FE323 /* Tap ME Fast test.app */;
			productType = "com.apple.product-type.application";
		};
/* End PBXNativeTarget section */

/* Begin PBXProject section */
		B246F7AD25B30170000FE323 /* Project object */ = {
			isa = PBXProject;
			attributes = {
				LastSwiftUpdateCheck = 1230;
				LastUpgradeCheck = 1230;
				TargetAttributes = {
					B246F7B425B30170000FE323 = {
						CreatedOnToolsVersion = 12.3;
					};
				};
			};
			buildConfigurationList = B246F7B025B30170000FE323 /* Build configuration list for PBXProject "Tap ME Fast test" */;
			compatibilityVersion = "Xcode 9.3";
			developmentRegion = en;
			hasScannedForEncodings = 0;
			knownRegions = (
				en,
				Base,
			);
			mainGroup = B246F7AC25B30170000FE323;
			productRefGroup = B246F7B625B30170000FE323 /* Products */;
			projectDirPath = "";
			projectRoot = "";
			targets = (
				B246F7B425B30170000FE323 /* Tap ME Fast test */,
			);
		};
/* End PBXProject section */

/* Begin PBXResourcesBuildPhase section */
		B246F7B325B30170000FE323 /* Resources */ = {
			isa = PBXResourcesBuildPhase;
			buildActionMask = 2147483647;
			files = (
				B246F7C525B30174000FE323 /* LaunchScreen.storyboard in Resources */,
				B246F7C225B30174000FE323 /* Assets.xcassets in Resources */,
				B246F7CF25B301F6000FE323 /* PORKYS_.TTF in Resources */,
				B246F7C025B30170000FE323 /* Main.storyboard in Resources */,
			);
			runOnlyForDeploymentPostprocessing = 0;
		};
/* End PBXResourcesBuildPhase section */

/* Begin PBXSourcesBuildPhase section */
		B246F7B125B30170000FE323 /* Sources */ = {
			isa = PBXSourcesBuildPhase;
			buildActionMask = 2147483647;
			files = (
				B246F7BD25B30170000FE323 /* ViewController.swift in Sources */,
				B246F7B925B30170000FE323 /* AppDelegate.swift in Sources */,
				B246F7BB25B30170000FE323 /* SceneDelegate.swift in Sources */,
			);
			runOnlyForDeploymentPostprocessing = 0;
		};
/* End PBXSourcesBuildPhase section */

/* Begin PBXVariantGroup section */
		B246F7BE25B30170000FE323 /* Main.storyboard */ = {
			isa = PBXVariantGroup;
			children = (
				B246F7BF25B30170000FE323 /* Base */,
			);
			name = Main.storyboard;
			sourceTree = "<group>";
		};
		B246F7C325B30174000FE323 /* LaunchScreen.storyboard */ = {
			isa = PBXVariantGroup;
			children = (
				B246F7C425B30174000FE323 /* Base */,
			);
			name = LaunchScreen.storyboard;
			sourceTree = "<group>";
		};
/* End PBXVariantGroup section */

/* Begin XCBuildConfiguration section */
		B246F7C725B30174000FE323 /* Debug */ = {
			isa = XCBuildConfiguration;
			buildSettings = {
				ALWAYS_SEARCH_USER_PATHS = NO;
				CLANG_ANALYZER_NONNULL = YES;
				CLANG_ANALYZER_NUMBER_OBJECT_CONVERSION = YES_AGGRESSIVE;
				CLANG_CXX_LANGUAGE_STANDARD = "gnu++14";
				CLANG_CXX_LIBRARY = "libc++";
				CLANG_ENABLE_MODULES = YES;
				CLANG_ENABLE_OBJC_ARC = YES;
				CLANG_ENABLE_OBJC_WEAK = YES;
				CLANG_WARN_BLOCK_CAPTURE_AUTORELEASING = YES;
				CLANG_WARN_BOOL_CONVERSION = YES;
				CLANG_WARN_COMMA = YES;
				CLANG_WARN_CONSTANT_CONVERSION = YES;
				CLANG_WARN_DEPRECATED_OBJC_IMPLEMENTATIONS = YES;
				CLANG_WARN_DIRECT_OBJC_ISA_USAGE = YES_ERROR;
				CLANG_WARN_DOCUMENTATION_COMMENTS = YES;
				CLANG_WARN_EMPTY_BODY = YES;
				CLANG_WARN_ENUM_CONVERSION = YES;
				CLANG_WARN_INFINITE_RECURSION = YES;
				CLANG_WARN_INT_CONVERSION = YES;
				CLANG_WARN_NON_LITERAL_NULL_CONVERSION = YES;
				CLANG_WARN_OBJC_IMPLICIT_RETAIN_SELF = YES;
				CLANG_WARN_OBJC_LITERAL_CONVERSION = YES;
				CLANG_WARN_OBJC_ROOT_CLASS = YES_ERROR;
				CLANG_WARN_QUOTED_INCLUDE_IN_FRAMEWORK_HEADER = YES;
				CLANG_WARN_RANGE_LOOP_ANALYSIS = YES;
				CLANG_WARN_STRICT_PROTOTYPES = YES;
				CLANG_WARN_SUSPICIOUS_MOVE = YES;
				CLANG_WARN_UNGUARDED_AVAILABILITY = YES_AGGRESSIVE;
				CLANG_WARN_UNREACHABLE_CODE = YES;
				CLANG_WARN__DUPLICATE_METHOD_MATCH = YES;
				COPY_PHASE_STRIP = NO;
				DEBUG_INFORMATION_FORMAT = dwarf;
				ENABLE_STRICT_OBJC_MSGSEND = YES;
				ENABLE_TESTABILITY = YES;
				GCC_C_LANGUAGE_STANDARD = gnu11;
				GCC_DYNAMIC_NO_PIC = NO;
				GCC_NO_COMMON_BLOCKS = YES;
				GCC_OPTIMIZATION_LEVEL = 0;
				GCC_PREPROCESSOR_DEFINITIONS = (
					"DEBUG=1",
					"$(inherited)",
				);
				GCC_WARN_64_TO_32_BIT_CONVERSION = YES;
				GCC_WARN_ABOUT_RETURN_TYPE = YES_ERROR;
				GCC_WARN_UNDECLARED_SELECTOR = YES;
				GCC_WARN_UNINITIALIZED_AUTOS = YES_AGGRESSIVE;
				GCC_WARN_UNUSED_FUNCTION = YES;
				GCC_WARN_UNUSED_VARIABLE = YES;
				IPHONEOS_DEPLOYMENT_TARGET = 14.3;
				MTL_ENABLE_DEBUG_INFO = INCLUDE_SOURCE;
				MTL_FAST_MATH = YES;
				ONLY_ACTIVE_ARCH = YES;
				SDKROOT = iphoneos;
				SWIFT_ACTIVE_COMPILATION_CONDITIONS = DEBUG;
				SWIFT_OPTIMIZATION_LEVEL = "-Onone";
			};
			name = Debug;
		};
		B246F7C825B30174000FE323 /* Release */ = {
			isa = XCBuildConfiguration;
			buildSettings = {
				ALWAYS_SEARCH_USER_PATHS = NO;
				CLANG_ANALYZER_NONNULL = YES;
				CLANG_ANALYZER_NUMBER_OBJECT_CONVERSION = YES_AGGRESSIVE;
				CLANG_CXX_LANGUAGE_STANDARD = "gnu++14";
				CLANG_CXX_LIBRARY = "libc++";
				CLANG_ENABLE_MODULES = YES;
				CLANG_ENABLE_OBJC_ARC = YES;
				CLANG_ENABLE_OBJC_WEAK = YES;
				CLANG_WARN_BLOCK_CAPTURE_AUTORELEASING = YES;
				CLANG_WARN_BOOL_CONVERSION = YES;
				CLANG_WARN_COMMA = YES;
				CLANG_WARN_CONSTANT_CONVERSION = YES;
				CLANG_WARN_DEPRECATED_OBJC_IMPLEMENTATIONS = YES;
				CLANG_WARN_DIRECT_OBJC_ISA_USAGE = YES_ERROR;
				CLANG_WARN_DOCUMENTATION_COMMENTS = YES;
				CLANG_WARN_EMPTY_BODY = YES;
				CLANG_WARN_ENUM_CONVERSION = YES;
				CLANG_WARN_INFINITE_RECURSION = YES;
				CLANG_WARN_INT_CONVERSION = YES;
				CLANG_WARN_NON_LITERAL_NULL_CONVERSION = YES;
				CLANG_WARN_OBJC_IMPLICIT_RETAIN_SELF = YES;
				CLANG_WARN_OBJC_LITERAL_CONVERSION = YES;
				CLANG_WARN_OBJC_ROOT_CLASS = YES_ERROR;
				CLANG_WARN_QUOTED_INCLUDE_IN_FRAMEWORK_HEADER = YES;
				CLANG_WARN_RANGE_LOOP_ANALYSIS = YES;
				CLANG_WARN_STRICT_PROTOTYPES = YES;
				CLANG_WARN_SUSPICIOUS_MOVE = YES;
				CLANG_WARN_UNGUARDED_AVAILABILITY = YES_AGGRESSIVE;
				CLANG_WARN_UNREACHABLE_CODE = YES;
				CLANG_WARN__DUPLICATE_METHOD_MATCH = YES;
				COPY_PHASE_STRIP = NO;
				DEBUG_INFORMATION_FORMAT = "dwarf-with-dsym";
				ENABLE_NS_ASSERTIONS = NO;
				ENABLE_STRICT_OBJC_MSGSEND = YES;
				GCC_C_LANGUAGE_STANDARD = gnu11;
				GCC_NO_COMMON_BLOCKS = YES;
				GCC_WARN_64_TO_32_BIT_CONVERSION = YES;
				GCC_WARN_ABOUT_RETURN_TYPE = YES_ERROR;
				GCC_WARN_UNDECLARED_SELECTOR = YES;
				GCC_WARN_UNINITIALIZED_AUTOS = YES_AGGRESSIVE;
				GCC_WARN_UNUSED_FUNCTION = YES;
				GCC_WARN_UNUSED_VARIABLE = YES;
				IPHONEOS_DEPLOYMENT_TARGET = 14.3;
				MTL_ENABLE_DEBUG_INFO = NO;
				MTL_FAST_MATH = YES;
				SDKROOT = iphoneos;
				SWIFT_COMPILATION_MODE = wholemodule;
				SWIFT_OPTIMIZATION_LEVEL = "-O";
				VALIDATE_PRODUCT = YES;
			};
			name = Release;
		};
		B246F7CA25B30174000FE323 /* Debug */ = {
			isa = XCBuildConfiguration;
			buildSettings = {
				ASSETCATALOG_COMPILER_APPICON_NAME = AppIcon;
				ASSETCATALOG_COMPILER_GLOBAL_ACCENT_COLOR_NAME = AccentColor;
				CODE_SIGN_STYLE = Automatic;
				DEVELOPMENT_TEAM = UCVZ5TKU4C;
				INFOPLIST_FILE = "Tap ME Fast test/Info.plist";
				LD_RUNPATH_SEARCH_PATHS = (
					"$(inherited)",
					"@executable_path/Frameworks",
				);
				PRODUCT_BUNDLE_IDENTIFIER = "com.armanakash45.Tap-ME-Fast-test";
				PRODUCT_NAME = "$(TARGET_NAME)";
				SWIFT_VERSION = 5.0;
				TARGETED_DEVICE_FAMILY = 1;
			};
			name = Debug;
		};
		B246F7CB25B30174000FE323 /* Release */ = {
			isa = XCBuildConfiguration;
			buildSettings = {
				ASSETCATALOG_COMPILER_APPICON_NAME = AppIcon;
				ASSETCATALOG_COMPILER_GLOBAL_ACCENT_COLOR_NAME = AccentColor;
				CODE_SIGN_STYLE = Automatic;
				DEVELOPMENT_TEAM = UCVZ5TKU4C;
				INFOPLIST_FILE = "Tap ME Fast test/Info.plist";
				LD_RUNPATH_SEARCH_PATHS = (
					"$(inherited)",
					"@executable_path/Frameworks",
				);
				PRODUCT_BUNDLE_IDENTIFIER = "com.armanakash45.Tap-ME-Fast-test";
				PRODUCT_NAME = "$(TARGET_NAME)";
				SWIFT_VERSION = 5.0;
				TARGETED_DEVICE_FAMILY = 1;
			};
			name = Release;
		};
/* End XCBuildConfiguration section */

/* Begin XCConfigurationList section */
		B246F7B025B30170000FE323 /* Build configuration list for PBXProject "Tap ME Fast test" */ = {
			isa = XCConfigurationList;
			buildConfigurations = (
				B246F7C725B30174000FE323 /* Debug */,
				B246F7C825B30174000FE323 /* Release */,
			);
			defaultConfigurationIsVisible = 0;
			defaultConfigurationName = Release;
		};
		B246F7C925B30174000FE323 /* Build configuration list for PBXNativeTarget "Tap ME Fast test" */ = {
			isa = XCConfigurationList;
			buildConfigurations = (
				B246F7CA25B30174000FE323 /* Debug */,
				B246F7CB25B30174000FE323 /* Release */,
			);
			defaultConfigurationIsVisible = 0;
			defaultConfigurationName = Release;
		};
/* End XCConfigurationList section */
	};
	rootObject = B246F7AD25B30170000FE323 /* Project object */;
}
